
Microsoft Visual Studio Solution File, Format Version 12.00
# Visual Studio Version 17
VisualStudioVersion = 17.1.32421.90
MinimumVisualStudioVersion = 10.0.40219.1
Project("{FAE04EC0-301F-11D3-BF4B-00C04F79EFBC}") = "git1", "git1.csproj", "{E46CBD96-4710-49F4-B385-99CFF9B58313}"
EndProject
Global
	GlobalSection(SolutionConfigurationPlatforms) = preSolution
		Debug|Any CPU = Debug|Any CPU
		Release|Any CPU = Release|Any CPU
	EndGlobalSection
	GlobalSection(ProjectConfigurationPlatforms) = postSolution
		{E46CBD96-4710-49F4-B385-99CFF9B58313}.Debug|Any CPU.ActiveCfg = Debug|Any CPU
		{E46CBD96-4710-49F4-B385-99CFF9B58313}.Debug|Any CPU.Build.0 = Debug|Any CPU
		{E46CBD96-4710-49F4-B385-99CFF9B58313}.Release|Any CPU.ActiveCfg = Release|Any CPU
		{E46CBD96-4710-49F4-B385-99CFF9B58313}.Release|Any CPU.Build.0 = Release|Any CPU
	EndGlobalSection
	GlobalSection(SolutionProperties) = preSolution
		HideSolutionNode = FALSE
	EndGlobalSection
	GlobalSection(ExtensibilityGlobals) = postSolution
		SolutionGuid = {BDA5BF0B-3EC8-485C-A42A-3A65187C66F7}
	EndGlobalSection
EndGlobal
